
Microsoft Visual Studio Solution File, Format Version 12.00
# Visual Studio Version 17
VisualStudioVersion = 17.1.32407.343
MinimumVisualStudioVersion = 10.0.40219.1
Project("{FAE04EC0-301F-11D3-BF4B-00C04F79EFBC}") = "AvGroup", "AvGroup\AvGroup.csproj", "{80736C82-9446-4CBF-80FE-F21C0FC07825}"
EndProject
Global
	GlobalSection(SolutionConfigurationPlatforms) = preSolution
		Debug|Any CPU = Debug|Any CPU
		Release|Any CPU = Release|Any CPU
	EndGlobalSection
	GlobalSection(ProjectConfigurationPlatforms) = postSolution
		{80736C82-9446-4CBF-80FE-F21C0FC07825}.Debug|Any CPU.ActiveCfg = Debug|Any CPU
		{80736C82-9446-4CBF-80FE-F21C0FC07825}.Debug|Any CPU.Build.0 = Debug|Any CPU
		{80736C82-9446-4CBF-80FE-F21C0FC07825}.Release|Any CPU.ActiveCfg = Release|Any CPU
		{80736C82-9446-4CBF-80FE-F21C0FC07825}.Release|Any CPU.Build.0 = Release|Any CPU
	EndGlobalSection
	GlobalSection(SolutionProperties) = preSolution
		HideSolutionNode = FALSE
	EndGlobalSection
	GlobalSection(ExtensibilityGlobals) = postSolution
		SolutionGuid = {52CA919E-B603-403F-8153-24276C68B9CA}
	EndGlobalSection
EndGlobal
